// !$*UTF8*$!
{
	archiveVersion = 1;
	classes = {
	};
	objectVersion = 77;
	objects = {

/* Begin PBXContainerItemProxy section */
		48A1C70F2DE5A5AB00C35738 /* PBXContainerItemProxy */ = {
			isa = PBXContainerItemProxy;
			containerPortal = 48A1C6F62DE5A5AA00C35738 /* Project object */;
			proxyType = 1;
			remoteGlobalIDString = 48A1C6FD2DE5A5AA00C35738;
			remoteInfo = ICardBox;
		};
		48A1C7192DE5A5AB00C35738 /* PBXContainerItemProxy */ = {
			isa = PBXContainerItemProxy;
			containerPortal = 48A1C6F62DE5A5AA00C35738 /* Project object */;
			proxyType = 1;
			remoteGlobalIDString = 48A1C6FD2DE5A5AA00C35738;
			remoteInfo = ICardBox;
		};
/* End PBXContainerItemProxy section */

/* Begin PBXFileReference section */
		48A1C6FE2DE5A5AA00C35738 /* ICardBox.app */ = {isa = PBXFileReference; explicitFileType = wrapper.application; includeInIndex = 0; path = ICardBox.app; sourceTree = BUILT_PRODUCTS_DIR; };
		48A1C70E2DE5A5AB00C35738 /* ICardBoxTests.xctest */ = {isa = PBXFileReference; explicitFileType = wrapper.cfbundle; includeInIndex = 0; path = ICardBoxTests.xctest; sourceTree = BUILT_PRODUCTS_DIR; };
		48A1C7182DE5A5AB00C35738 /* ICardBoxUITests.xctest */ = {isa = PBXFileReference; explicitFileType = wrapper.cfbundle; includeInIndex = 0; path = ICardBoxUITests.xctest; sourceTree = BUILT_PRODUCTS_DIR; };
/* End PBXFileReference section */

/* Begin PBXFileSystemSynchronizedRootGroup section */
		48A1C7002DE5A5AA00C35738 /* ICardBox */ = {
			isa = PBXFileSystemSynchronizedRootGroup;
			path = ICardBox;
			sourceTree = "<group>";
		};
		48A1C7112DE5A5AB00C35738 /* ICardBoxTests */ = {
			isa = PBXFileSystemSynchronizedRootGroup;
			path = ICardBoxTests;
			sourceTree = "<group>";
		};
		48A1C71B2DE5A5AB00C35738 /* ICardBoxUITests */ = {
			isa = PBXFileSystemSynchronizedRootGroup;
			path = ICardBoxUITests;
			sourceTree = "<group>";
		};
/* End PBXFileSystemSynchronizedRootGroup section */

/* Begin PBXFrameworksBuildPhase section */
		48A1C6FB2DE5A5AA00C35738 /* Frameworks */ = {
			isa = PBXFrameworksBuildPhase;
			buildActionMask = 2147483647;
			files = (
			);
			runOnlyForDeploymentPostprocessing = 0;
		};
		48A1C70B2DE5A5AB00C35738 /* Frameworks */ = {
			isa = PBXFrameworksBuildPhase;
			buildActionMask = 2147483647;
			files = (
			);
			runOnlyForDeploymentPostprocessing = 0;
		};
		48A1C7152DE5A5AB00C35738 /* Frameworks */ = {
			isa = PBXFrameworksBuildPhase;
			buildActionMask = 2147483647;
			files = (
			);
			runOnlyForDeploymentPostprocessing = 0;
		};
/* End PBXFrameworksBuildPhase section */

/* Begin PBXGroup section */
		48A1C6F52DE5A5AA00C35738 = {
			isa = PBXGroup;
			children = (
				48A1C7002DE5A5AA00C35738 /* ICardBox */,
				48A1C7112DE5A5AB00C35738 /* ICardBoxTests */,
				48A1C71B2DE5A5AB00C35738 /* ICardBoxUITests */,
				48A1C6FF2DE5A5AA00C35738 /* Products */,
			);
			sourceTree = "<group>";
		};
		48A1C6FF2DE5A5AA00C35738 /* Products */ = {
			isa = PBXGroup;
			children = (
				48A1C6FE2DE5A5AA00C35738 /* ICardBox.app */,
				48A1C70E2DE5A5AB00C35738 /* ICardBoxTests.xctest */,
				48A1C7182DE5A5AB00C35738 /* ICardBoxUITests.xctest */,
			);
			name = Products;
			sourceTree = "<group>";
		};
/* End PBXGroup section */

/* Begin PBXNativeTarget section */
		48A1C6FD2DE5A5AA00C35738 /* ICardBox */ = {
			isa = PBXNativeTarget;
			buildConfigurationList = 48A1C7222DE5A5AB00C35738 /* Build configuration list for PBXNativeTarget "ICardBox" */;
			buildPhases = (
				48A1C6FA2DE5A5AA00C35738 /* Sources */,
				48A1C6FB2DE5A5AA00C35738 /* Frameworks */,
				48A1C6FC2DE5A5AA00C35738 /* Resources */,
			);
			buildRules = (
			);
			dependencies = (
			);
			fileSystemSynchronizedGroups = (
				48A1C7002DE5A5AA00C35738 /* ICardBox */,
			);
			name = ICardBox;
			packageProductDependencies = (
			);
			productName = ICardBox;
			productReference = 48A1C6FE2DE5A5AA00C35738 /* ICardBox.app */;
			productType = "com.apple.product-type.application";
		};
		48A1C70D2DE5A5AB00C35738 /* ICardBoxTests */ = {
			isa = PBXNativeTarget;
			buildConfigurationList = 48A1C7252DE5A5AB00C35738 /* Build configuration list for PBXNativeTarget "ICardBoxTests" */;
			buildPhases = (
				48A1C70A2DE5A5AB00C35738 /* Sources */,
				48A1C70B2DE5A5AB00C35738 /* Frameworks */,
				48A1C70C2DE5A5AB00C35738 /* Resources */,
			);
			buildRules = (
			);
			dependencies = (
				48A1C7102DE5A5AB00C35738 /* PBXTargetDependency */,
			);
			fileSystemSynchronizedGroups = (
				48A1C7112DE5A5AB00C35738 /* ICardBoxTests */,
			);
			name = ICardBoxTests;
			packageProductDependencies = (
			);
			productName = ICardBoxTests;
			productReference = 48A1C70E2DE5A5AB00C35738 /* ICardBoxTests.xctest */;
			productType = "com.apple.product-type.bundle.unit-test";
		};
		48A1C7172DE5A5AB00C35738 /* ICardBoxUITests */ = {
			isa = PBXNativeTarget;
			buildConfigurationList = 48A1C7282DE5A5AB00C35738 /* Build configuration list for PBXNativeTarget "ICardBoxUITests" */;
			buildPhases = (
				48A1C7142DE5A5AB00C35738 /* Sources */,
				48A1C7152DE5A5AB00C35738 /* Frameworks */,
				48A1C7162DE5A5AB00C35738 /* Resources */,
			);
			buildRules = (
			);
			dependencies = (
				48A1C71A2DE5A5AB00C35738 /* PBXTargetDependency */,
			);
			fileSystemSynchronizedGroups = (
				48A1C71B2DE5A5AB00C35738 /* ICardBoxUITests */,
			);
			name = ICardBoxUITests;
			packageProductDependencies = (
			);
			productName = ICardBoxUITests;
			productReference = 48A1C7182DE5A5AB00C35738 /* ICardBoxUITests.xctest */;
			productType = "com.apple.product-type.bundle.ui-testing";
		};
/* End PBXNativeTarget section */

/* Begin PBXProject section */
		48A1C6F62DE5A5AA00C35738 /* Project object */ = {
			isa = PBXProject;
			attributes = {
				BuildIndependentTargetsInParallel = 1;
				LastSwiftUpdateCheck = 1620;
				LastUpgradeCheck = 1620;
				TargetAttributes = {
					48A1C6FD2DE5A5AA00C35738 = {
						CreatedOnToolsVersion = 16.2;
					};
					48A1C70D2DE5A5AB00C35738 = {
						CreatedOnToolsVersion = 16.2;
						TestTargetID = 48A1C6FD2DE5A5AA00C35738;
					};
					48A1C7172DE5A5AB00C35738 = {
						CreatedOnToolsVersion = 16.2;
						TestTargetID = 48A1C6FD2DE5A5AA00C35738;
					};
				};
			};
			buildConfigurationList = 48A1C6F92DE5A5AA00C35738 /* Build configuration list for PBXProject "ICardBox" */;
			developmentRegion = en;
			hasScannedForEncodings = 0;
			knownRegions = (
				en,
				Base,
			);
			mainGroup = 48A1C6F52DE5A5AA00C35738;
			minimizedProjectReferenceProxies = 1;
			preferredProjectObjectVersion = 77;
			productRefGroup = 48A1C6FF2DE5A5AA00C35738 /* Products */;
			projectDirPath = "";
			projectRoot = "";
			targets = (
				48A1C6FD2DE5A5AA00C35738 /* ICardBox */,
				48A1C70D2DE5A5AB00C35738 /* ICardBoxTests */,
				48A1C7172DE5A5AB00C35738 /* ICardBoxUITests */,
			);
		};
/* End PBXProject section */

/* Begin PBXResourcesBuildPhase section */
		48A1C6FC2DE5A5AA00C35738 /* Resources */ = {
			isa = PBXResourcesBuildPhase;
			buildActionMask = 2147483647;
			files = (
			);
			runOnlyForDeploymentPostprocessing = 0;
		};
		48A1C70C2DE5A5AB00C35738 /* Resources */ = {
			isa = PBXResourcesBuildPhase;
			buildActionMask = 2147483647;
			files = (
			);
			runOnlyForDeploymentPostprocessing = 0;
		};
		48A1C7162DE5A5AB00C35738 /* Resources */ = {
			isa = PBXResourcesBuildPhase;
			buildActionMask = 2147483647;
			files = (
			);
			runOnlyForDeploymentPostprocessing = 0;
		};
/* End PBXResourcesBuildPhase section */

/* Begin PBXSourcesBuildPhase section */
		48A1C6FA2DE5A5AA00C35738 /* Sources */ = {
			isa = PBXSourcesBuildPhase;
			buildActionMask = 2147483647;
			files = (
			);
			runOnlyForDeploymentPostprocessing = 0;
		};
		48A1C70A2DE5A5AB00C35738 /* Sources */ = {
			isa = PBXSourcesBuildPhase;
			buildActionMask = 2147483647;
			files = (
			);
			runOnlyForDeploymentPostprocessing = 0;
		};
		48A1C7142DE5A5AB00C35738 /* Sources */ = {
			isa = PBXSourcesBuildPhase;
			buildActionMask = 2147483647;
			files = (
			);
			runOnlyForDeploymentPostprocessing = 0;
		};
/* End PBXSourcesBuildPhase section */

/* Begin PBXTargetDependency section */
		48A1C7102DE5A5AB00C35738 /* PBXTargetDependency */ = {
			isa = PBXTargetDependency;
			target = 48A1C6FD2DE5A5AA00C35738 /* ICardBox */;
			targetProxy = 48A1C70F2DE5A5AB00C35738 /* PBXContainerItemProxy */;
		};
		48A1C71A2DE5A5AB00C35738 /* PBXTargetDependency */ = {
			isa = PBXTargetDependency;
			target = 48A1C6FD2DE5A5AA00C35738 /* ICardBox */;
			targetProxy = 48A1C7192DE5A5AB00C35738 /* PBXContainerItemProxy */;
		};
/* End PBXTargetDependency section */

/* Begin XCBuildConfiguration section */
		48A1C7202DE5A5AB00C35738 /* Debug */ = {
			isa = XCBuildConfiguration;
			buildSettings = {
				ALWAYS_SEARCH_USER_PATHS = NO;
				ASSETCATALOG_COMPILER_GENERATE_SWIFT_ASSET_SYMBOL_EXTENSIONS = YES;
				CLANG_ANALYZER_NONNULL = YES;
				CLANG_ANALYZER_NUMBER_OBJECT_CONVERSION = YES_AGGRESSIVE;
				CLANG_CXX_LANGUAGE_STANDARD = "gnu++20";
				CLANG_ENABLE_MODULES = YES;
				CLANG_ENABLE_OBJC_ARC = YES;
				CLANG_ENABLE_OBJC_WEAK = YES;
				CLANG_WARN_BLOCK_CAPTURE_AUTORELEASING = YES;
				CLANG_WARN_BOOL_CONVERSION = YES;
				CLANG_WARN_COMMA = YES;
				CLANG_WARN_CONSTANT_CONVERSION = YES;
				CLANG_WARN_DEPRECATED_OBJC_IMPLEMENTATIONS = YES;
				CLANG_WARN_DIRECT_OBJC_ISA_USAGE = YES_ERROR;
				CLANG_WARN_DOCUMENTATION_COMMENTS = YES;
				CLANG_WARN_EMPTY_BODY = YES;
				CLANG_WARN_ENUM_CONVERSION = YES;
				CLANG_WARN_INFINITE_RECURSION = YES;
				CLANG_WARN_INT_CONVERSION = YES;
				CLANG_WARN_NON_LITERAL_NULL_CONVERSION = YES;
				CLANG_WARN_OBJC_IMPLICIT_RETAIN_SELF = YES;
				CLANG_WARN_OBJC_LITERAL_CONVERSION = YES;
				CLANG_WARN_OBJC_ROOT_CLASS = YES_ERROR;
				CLANG_WARN_QUOTED_INCLUDE_IN_FRAMEWORK_HEADER = YES;
				CLANG_WARN_RANGE_LOOP_ANALYSIS = YES;
				CLANG_WARN_STRICT_PROTOTYPES = YES;
				CLANG_WARN_SUSPICIOUS_MOVE = YES;
				CLANG_WARN_UNGUARDED_AVAILABILITY = YES_AGGRESSIVE;
				CLANG_WARN_UNREACHABLE_CODE = YES;
				CLANG_WARN__DUPLICATE_METHOD_MATCH = YES;
				COPY_PHASE_STRIP = NO;
				DEBUG_INFORMATION_FORMAT = dwarf;
				ENABLE_STRICT_OBJC_MSGSEND = YES;
				ENABLE_TESTABILITY = YES;
				ENABLE_USER_SCRIPT_SANDBOXING = YES;
				GCC_C_LANGUAGE_STANDARD = gnu17;
				GCC_DYNAMIC_NO_PIC = NO;
				GCC_NO_COMMON_BLOCKS = YES;
				GCC_OPTIMIZATION_LEVEL = 0;
				GCC_PREPROCESSOR_DEFINITIONS = (
					"DEBUG=1",
					"$(inherited)",
				);
				GCC_WARN_64_TO_32_BIT_CONVERSION = YES;
				GCC_WARN_ABOUT_RETURN_TYPE = YES_ERROR;
				GCC_WARN_UNDECLARED_SELECTOR = YES;
				GCC_WARN_UNINITIALIZED_AUTOS = YES_AGGRESSIVE;
				GCC_WARN_UNUSED_FUNCTION = YES;
				GCC_WARN_UNUSED_VARIABLE = YES;
				IPHONEOS_DEPLOYMENT_TARGET = 18.2;
				LOCALIZATION_PREFERS_STRING_CATALOGS = YES;
				MTL_ENABLE_DEBUG_INFO = INCLUDE_SOURCE;
				MTL_FAST_MATH = YES;
				ONLY_ACTIVE_ARCH = YES;
				SDKROOT = iphoneos;
				SWIFT_ACTIVE_COMPILATION_CONDITIONS = "DEBUG $(inherited)";
				SWIFT_OPTIMIZATION_LEVEL = "-Onone";
			};
			name = Debug;
		};
		48A1C7212DE5A5AB00C35738 /* Release */ = {
			isa = XCBuildConfiguration;
			buildSettings = {
				ALWAYS_SEARCH_USER_PATHS = NO;
				ASSETCATALOG_COMPILER_GENERATE_SWIFT_ASSET_SYMBOL_EXTENSIONS = YES;
				CLANG_ANALYZER_NONNULL = YES;
				CLANG_ANALYZER_NUMBER_OBJECT_CONVERSION = YES_AGGRESSIVE;
				CLANG_CXX_LANGUAGE_STANDARD = "gnu++20";
				CLANG_ENABLE_MODULES = YES;
				CLANG_ENABLE_OBJC_ARC = YES;
				CLANG_ENABLE_OBJC_WEAK = YES;
				CLANG_WARN_BLOCK_CAPTURE_AUTORELEASING = YES;
				CLANG_WARN_BOOL_CONVERSION = YES;
				CLANG_WARN_COMMA = YES;
				CLANG_WARN_CONSTANT_CONVERSION = YES;
				CLANG_WARN_DEPRECATED_OBJC_IMPLEMENTATIONS = YES;
				CLANG_WARN_DIRECT_OBJC_ISA_USAGE = YES_ERROR;
				CLANG_WARN_DOCUMENTATION_COMMENTS = YES;
				CLANG_WARN_EMPTY_BODY = YES;
				CLANG_WARN_ENUM_CONVERSION = YES;
				CLANG_WARN_INFINITE_RECURSION = YES;
				CLANG_WARN_INT_CONVERSION = YES;
				CLANG_WARN_NON_LITERAL_NULL_CONVERSION = YES;
				CLANG_WARN_OBJC_IMPLICIT_RETAIN_SELF = YES;
				CLANG_WARN_OBJC_LITERAL_CONVERSION = YES;
				CLANG_WARN_OBJC_ROOT_CLASS = YES_ERROR;
				CLANG_WARN_QUOTED_INCLUDE_IN_FRAMEWORK_HEADER = YES;
				CLANG_WARN_RANGE_LOOP_ANALYSIS = YES;
				CLANG_WARN_STRICT_PROTOTYPES = YES;
				CLANG_WARN_SUSPICIOUS_MOVE = YES;
				CLANG_WARN_UNGUARDED_AVAILABILITY = YES_AGGRESSIVE;
				CLANG_WARN_UNREACHABLE_CODE = YES;
				CLANG_WARN__DUPLICATE_METHOD_MATCH = YES;
				COPY_PHASE_STRIP = NO;
				DEBUG_INFORMATION_FORMAT = "dwarf-with-dsym";
				ENABLE_NS_ASSERTIONS = NO;
				ENABLE_STRICT_OBJC_MSGSEND = YES;
				ENABLE_USER_SCRIPT_SANDBOXING = YES;
				GCC_C_LANGUAGE_STANDARD = gnu17;
				GCC_NO_COMMON_BLOCKS = YES;
				GCC_WARN_64_TO_32_BIT_CONVERSION = YES;
				GCC_WARN_ABOUT_RETURN_TYPE = YES_ERROR;
				GCC_WARN_UNDECLARED_SELECTOR = YES;
				GCC_WARN_UNINITIALIZED_AUTOS = YES_AGGRESSIVE;
				GCC_WARN_UNUSED_FUNCTION = YES;
				GCC_WARN_UNUSED_VARIABLE = YES;
				IPHONEOS_DEPLOYMENT_TARGET = 18.2;
				LOCALIZATION_PREFERS_STRING_CATALOGS = YES;
				MTL_ENABLE_DEBUG_INFO = NO;
				MTL_FAST_MATH = YES;
				SDKROOT = iphoneos;
				SWIFT_COMPILATION_MODE = wholemodule;
				VALIDATE_PRODUCT = YES;
			};
			name = Release;
		};
		48A1C7232DE5A5AB00C35738 /* Debug */ = {
			isa = XCBuildConfiguration;
			buildSettings = {
				ASSETCATALOG_COMPILER_APPICON_NAME = AppIcon;
				ASSETCATALOG_COMPILER_GLOBAL_ACCENT_COLOR_NAME = AccentColor;
				CODE_SIGN_STYLE = Automatic;
				CURRENT_PROJECT_VERSION = 1;
				DEVELOPMENT_ASSET_PATHS = "\"ICardBox/Preview Content\"";
				DEVELOPMENT_TEAM = 6QV8Z29535;
				ENABLE_PREVIEWS = YES;
				GENERATE_INFOPLIST_FILE = YES;
				INFOPLIST_KEY_UIApplicationSceneManifest_Generation = YES;
				INFOPLIST_KEY_UIApplicationSupportsIndirectInputEvents = YES;
				INFOPLIST_KEY_UILaunchScreen_Generation = YES;
				INFOPLIST_KEY_UISupportedInterfaceOrientations_iPad = "UIInterfaceOrientationPortrait UIInterfaceOrientationPortraitUpsideDown UIInterfaceOrientationLandscapeLeft UIInterfaceOrientationLandscapeRight";
				INFOPLIST_KEY_UISupportedInterfaceOrientations_iPhone = "UIInterfaceOrientationPortrait UIInterfaceOrientationLandscapeLeft UIInterfaceOrientationLandscapeRight";
				LD_RUNPATH_SEARCH_PATHS = (
					"$(inherited)",
					"@executable_path/Frameworks",
				);
				MARKETING_VERSION = 1.0;
				PRODUCT_BUNDLE_IDENTIFIER = com.heidie.ICardBox;
				PRODUCT_NAME = "$(TARGET_NAME)";
				SWIFT_EMIT_LOC_STRINGS = YES;
				SWIFT_VERSION = 5.0;
				TARGETED_DEVICE_FAMILY = "1,2";
			};
			name = Debug;
		};
		48A1C7242DE5A5AB00C35738 /* Release */ = {
			isa = XCBuildConfiguration;
			buildSettings = {
				ASSETCATALOG_COMPILER_APPICON_NAME = AppIcon;
				ASSETCATALOG_COMPILER_GLOBAL_ACCENT_COLOR_NAME = AccentColor;
				CODE_SIGN_STYLE = Automatic;
				CURRENT_PROJECT_VERSION = 1;
				DEVELOPMENT_ASSET_PATHS = "\"ICardBox/Preview Content\"";
				DEVELOPMENT_TEAM = 6QV8Z29535;
				ENABLE_PREVIEWS = YES;
				GENERATE_INFOPLIST_FILE = YES;
				INFOPLIST_KEY_UIApplicationSceneManifest_Generation = YES;
				INFOPLIST_KEY_UIApplicationSupportsIndirectInputEvents = YES;
				INFOPLIST_KEY_UILaunchScreen_Generation = YES;
				INFOPLIST_KEY_UISupportedInterfaceOrientations_iPad = "UIInterfaceOrientationPortrait UIInterfaceOrientationPortraitUpsideDown UIInterfaceOrientationLandscapeLeft UIInterfaceOrientationLandscapeRight";
				INFOPLIST_KEY_UISupportedInterfaceOrientations_iPhone = "UIInterfaceOrientationPortrait UIInterfaceOrientationLandscapeLeft UIInterfaceOrientationLandscapeRight";
				LD_RUNPATH_SEARCH_PATHS = (
					"$(inherited)",
					"@executable_path/Frameworks",
				);
				MARKETING_VERSION = 1.0;
				PRODUCT_BUNDLE_IDENTIFIER = com.heidie.ICardBox;
				PRODUCT_NAME = "$(TARGET_NAME)";
				SWIFT_EMIT_LOC_STRINGS = YES;
				SWIFT_VERSION = 5.0;
				TARGETED_DEVICE_FAMILY = "1,2";
			};
			name = Release;
		};
		48A1C7262DE5A5AB00C35738 /* Debug */ = {
			isa = XCBuildConfiguration;
			buildSettings = {
				BUNDLE_LOADER = "$(TEST_HOST)";
				CODE_SIGN_STYLE = Automatic;
				CURRENT_PROJECT_VERSION = 1;
				DEVELOPMENT_TEAM = 6QV8Z29535;
				GENERATE_INFOPLIST_FILE = YES;
				IPHONEOS_DEPLOYMENT_TARGET = 18.2;
				MARKETING_VERSION = 1.0;
				PRODUCT_BUNDLE_IDENTIFIER = com.heidie.ICardBoxTests;
				PRODUCT_NAME = "$(TARGET_NAME)";
				SWIFT_EMIT_LOC_STRINGS = NO;
				SWIFT_VERSION = 5.0;
				TARGETED_DEVICE_FAMILY = "1,2";
				TEST_HOST = "$(BUILT_PRODUCTS_DIR)/ICardBox.app/$(BUNDLE_EXECUTABLE_FOLDER_PATH)/ICardBox";
			};
			name = Debug;
		};
		48A1C7272DE5A5AB00C35738 /* Release */ = {
			isa = XCBuildConfiguration;
			buildSettings = {
				BUNDLE_LOADER = "$(TEST_HOST)";
				CODE_SIGN_STYLE = Automatic;
				CURRENT_PROJECT_VERSION = 1;
				DEVELOPMENT_TEAM = 6QV8Z29535;
				GENERATE_INFOPLIST_FILE = YES;
				IPHONEOS_DEPLOYMENT_TARGET = 18.2;
				MARKETING_VERSION = 1.0;
				PRODUCT_BUNDLE_IDENTIFIER = com.heidie.ICardBoxTests;
				PRODUCT_NAME = "$(TARGET_NAME)";
				SWIFT_EMIT_LOC_STRINGS = NO;
				SWIFT_VERSION = 5.0;
				TARGETED_DEVICE_FAMILY = "1,2";
				TEST_HOST = "$(BUILT_PRODUCTS_DIR)/ICardBox.app/$(BUNDLE_EXECUTABLE_FOLDER_PATH)/ICardBox";
			};
			name = Release;
		};
		48A1C7292DE5A5AB00C35738 /* Debug */ = {
			isa = XCBuildConfiguration;
			buildSettings = {
				CODE_SIGN_STYLE = Automatic;
				CURRENT_PROJECT_VERSION = 1;
				DEVELOPMENT_TEAM = 6QV8Z29535;
				GENERATE_INFOPLIST_FILE = YES;
				MARKETING_VERSION = 1.0;
				PRODUCT_BUNDLE_IDENTIFIER = com.heidie.ICardBoxUITests;
				PRODUCT_NAME = "$(TARGET_NAME)";
				SWIFT_EMIT_LOC_STRINGS = NO;
				SWIFT_VERSION = 5.0;
				TARGETED_DEVICE_FAMILY = "1,2";
				TEST_TARGET_NAME = ICardBox;
			};
			name = Debug;
		};
		48A1C72A2DE5A5AB00C35738 /* Release */ = {
			isa = XCBuildConfiguration;
			buildSettings = {
				CODE_SIGN_STYLE = Automatic;
				CURRENT_PROJECT_VERSION = 1;
				DEVELOPMENT_TEAM = 6QV8Z29535;
				GENERATE_INFOPLIST_FILE = YES;
				MARKETING_VERSION = 1.0;
				PRODUCT_BUNDLE_IDENTIFIER = com.heidie.ICardBoxUITests;
				PRODUCT_NAME = "$(TARGET_NAME)";
				SWIFT_EMIT_LOC_STRINGS = NO;
				SWIFT_VERSION = 5.0;
				TARGETED_DEVICE_FAMILY = "1,2";
				TEST_TARGET_NAME = ICardBox;
			};
			name = Release;
		};
/* End XCBuildConfiguration section */

/* Begin XCConfigurationList section */
		48A1C6F92DE5A5AA00C35738 /* Build configuration list for PBXProject "ICardBox" */ = {
			isa = XCConfigurationList;
			buildConfigurations = (
				48A1C7202DE5A5AB00C35738 /* Debug */,
				48A1C7212DE5A5AB00C35738 /* Release */,
			);
			defaultConfigurationIsVisible = 0;
			defaultConfigurationName = Release;
		};
		48A1C7222DE5A5AB00C35738 /* Build configuration list for PBXNativeTarget "ICardBox" */ = {
			isa = XCConfigurationList;
			buildConfigurations = (
				48A1C7232DE5A5AB00C35738 /* Debug */,
				48A1C7242DE5A5AB00C35738 /* Release */,
			);
			defaultConfigurationIsVisible = 0;
			defaultConfigurationName = Release;
		};
		48A1C7252DE5A5AB00C35738 /* Build configuration list for PBXNativeTarget "ICardBoxTests" */ = {
			isa = XCConfigurationList;
			buildConfigurations = (
				48A1C7262DE5A5AB00C35738 /* Debug */,
				48A1C7272DE5A5AB00C35738 /* Release */,
			);
			defaultConfigurationIsVisible = 0;
			defaultConfigurationName = Release;
		};
		48A1C7282DE5A5AB00C35738 /* Build configuration list for PBXNativeTarget "ICardBoxUITests" */ = {
			isa = XCConfigurationList;
			buildConfigurations = (
				48A1C7292DE5A5AB00C35738 /* Debug */,
				48A1C72A2DE5A5AB00C35738 /* Release */,
			);
			defaultConfigurationIsVisible = 0;
			defaultConfigurationName = Release;
		};
/* End XCConfigurationList section */
	};
	rootObject = 48A1C6F62DE5A5AA00C35738 /* Project object */;
}
